// !$*UTF8*$!
{
	archiveVersion = 1;
	classes = {
	};
	objectVersion = 46;
	objects = {

/* Begin PBXBuildFile section */
		350DE6B91C948EC000FEC1CC /* SQLiteDB.swift in Sources */ = {isa = PBXBuildFile; fileRef = 350DE6B61C948EC000FEC1CC /* SQLiteDB.swift */; };
		350DE6BA1C948EC000FEC1CC /* SQLTable.swift in Sources */ = {isa = PBXBuildFile; fileRef = 350DE6B71C948EC000FEC1CC /* SQLTable.swift */; };
		350DE6BB1C948EC000FEC1CC /* String-Extras.swift in Sources */ = {isa = PBXBuildFile; fileRef = 350DE6B81C948EC000FEC1CC /* String-Extras.swift */; };
		350DE6C01C948FF300FEC1CC /* DataManager.swift in Sources */ = {isa = PBXBuildFile; fileRef = 350DE6BF1C948FF300FEC1CC /* DataManager.swift */; };
		350DE6C21C949F0500FEC1CC /* Message.swift in Sources */ = {isa = PBXBuildFile; fileRef = 350DE6C11C949F0500FEC1CC /* Message.swift */; };
		3552E3071C9489F60046B5C3 /* libsqlite3.0.tbd in Frameworks */ = {isa = PBXBuildFile; fileRef = 357E85441C9484E600B4E5C7 /* libsqlite3.0.tbd */; };
		975B18861C7E24C500F320D0 /* AppDelegate.swift in Sources */ = {isa = PBXBuildFile; fileRef = 975B18851C7E24C500F320D0 /* AppDelegate.swift */; };
		975B18881C7E24C500F320D0 /* ViewController.swift in Sources */ = {isa = PBXBuildFile; fileRef = 975B18871C7E24C500F320D0 /* ViewController.swift */; };
		975B188B1C7E24C500F320D0 /* Main.storyboard in Resources */ = {isa = PBXBuildFile; fileRef = 975B18891C7E24C500F320D0 /* Main.storyboard */; };
		975B188D1C7E24C500F320D0 /* Assets.xcassets in Resources */ = {isa = PBXBuildFile; fileRef = 975B188C1C7E24C500F320D0 /* Assets.xcassets */; };
		975B18901C7E24C500F320D0 /* LaunchScreen.storyboard in Resources */ = {isa = PBXBuildFile; fileRef = 975B188E1C7E24C500F320D0 /* LaunchScreen.storyboard */; };
		975B189B1C7E24C500F320D0 /* cryptochatTests.swift in Sources */ = {isa = PBXBuildFile; fileRef = 975B189A1C7E24C500F320D0 /* cryptochatTests.swift */; };
		975B18A61C7E24C500F320D0 /* cryptochatUITests.swift in Sources */ = {isa = PBXBuildFile; fileRef = 975B18A51C7E24C500F320D0 /* cryptochatUITests.swift */; };
		975B18B41C7E29C500F320D0 /* WelcomeViewController.swift in Sources */ = {isa = PBXBuildFile; fileRef = 975B18B31C7E29C500F320D0 /* WelcomeViewController.swift */; };
/* End PBXBuildFile section */

/* Begin PBXContainerItemProxy section */
		975B18971C7E24C500F320D0 /* PBXContainerItemProxy */ = {
			isa = PBXContainerItemProxy;
			containerPortal = 975B187A1C7E24C500F320D0 /* Project object */;
			proxyType = 1;
			remoteGlobalIDString = 975B18811C7E24C500F320D0;
			remoteInfo = cryptochat;
		};
		975B18A21C7E24C500F320D0 /* PBXContainerItemProxy */ = {
			isa = PBXContainerItemProxy;
			containerPortal = 975B187A1C7E24C500F320D0 /* Project object */;
			proxyType = 1;
			remoteGlobalIDString = 975B18811C7E24C500F320D0;
			remoteInfo = cryptochat;
		};
/* End PBXContainerItemProxy section */

/* Begin PBXFileReference section */
		05DA81D11C99C84A00BA0577 /* cryptochat-Bridging-Header.h */ = {isa = PBXFileReference; fileEncoding = 4; lastKnownFileType = sourcecode.c.h; path = "cryptochat-Bridging-Header.h"; sourceTree = "<group>"; };
		350DE6B61C948EC000FEC1CC /* SQLiteDB.swift */ = {isa = PBXFileReference; fileEncoding = 4; lastKnownFileType = sourcecode.swift; name = SQLiteDB.swift; path = "SQLiteDB-master/SQLiteDB.swift"; sourceTree = "<group>"; };
		350DE6B71C948EC000FEC1CC /* SQLTable.swift */ = {isa = PBXFileReference; fileEncoding = 4; lastKnownFileType = sourcecode.swift; name = SQLTable.swift; path = "SQLiteDB-master/SQLTable.swift"; sourceTree = "<group>"; };
		350DE6B81C948EC000FEC1CC /* String-Extras.swift */ = {isa = PBXFileReference; fileEncoding = 4; lastKnownFileType = sourcecode.swift; name = "String-Extras.swift"; path = "SQLiteDB-master/String-Extras.swift"; sourceTree = "<group>"; };
		350DE6BF1C948FF300FEC1CC /* DataManager.swift */ = {isa = PBXFileReference; fileEncoding = 4; lastKnownFileType = sourcecode.swift; path = DataManager.swift; sourceTree = "<group>"; };
		350DE6C11C949F0500FEC1CC /* Message.swift */ = {isa = PBXFileReference; fileEncoding = 4; lastKnownFileType = sourcecode.swift; path = Message.swift; sourceTree = "<group>"; };
		357E85441C9484E600B4E5C7 /* libsqlite3.0.tbd */ = {isa = PBXFileReference; lastKnownFileType = "sourcecode.text-based-dylib-definition"; name = libsqlite3.0.tbd; path = usr/lib/libsqlite3.0.tbd; sourceTree = SDKROOT; };
		975B18821C7E24C500F320D0 /* cryptochat.app */ = {isa = PBXFileReference; explicitFileType = wrapper.application; includeInIndex = 0; path = cryptochat.app; sourceTree = BUILT_PRODUCTS_DIR; };
		975B18851C7E24C500F320D0 /* AppDelegate.swift */ = {isa = PBXFileReference; lastKnownFileType = sourcecode.swift; path = AppDelegate.swift; sourceTree = "<group>"; };
		975B18871C7E24C500F320D0 /* ViewController.swift */ = {isa = PBXFileReference; lastKnownFileType = sourcecode.swift; path = ViewController.swift; sourceTree = "<group>"; };
		975B188A1C7E24C500F320D0 /* Base */ = {isa = PBXFileReference; lastKnownFileType = file.storyboard; name = Base; path = Base.lproj/Main.storyboard; sourceTree = "<group>"; };
		975B188C1C7E24C500F320D0 /* Assets.xcassets */ = {isa = PBXFileReference; lastKnownFileType = folder.assetcatalog; path = Assets.xcassets; sourceTree = "<group>"; };
		975B188F1C7E24C500F320D0 /* Base */ = {isa = PBXFileReference; lastKnownFileType = file.storyboard; name = Base; path = Base.lproj/LaunchScreen.storyboard; sourceTree = "<group>"; };
		975B18911C7E24C500F320D0 /* Info.plist */ = {isa = PBXFileReference; lastKnownFileType = text.plist.xml; path = Info.plist; sourceTree = "<group>"; };
		975B18961C7E24C500F320D0 /* cryptochatTests.xctest */ = {isa = PBXFileReference; explicitFileType = wrapper.cfbundle; includeInIndex = 0; path = cryptochatTests.xctest; sourceTree = BUILT_PRODUCTS_DIR; };
		975B189A1C7E24C500F320D0 /* cryptochatTests.swift */ = {isa = PBXFileReference; lastKnownFileType = sourcecode.swift; path = cryptochatTests.swift; sourceTree = "<group>"; };
		975B189C1C7E24C500F320D0 /* Info.plist */ = {isa = PBXFileReference; lastKnownFileType = text.plist.xml; path = Info.plist; sourceTree = "<group>"; };
		975B18A11C7E24C500F320D0 /* cryptochatUITests.xctest */ = {isa = PBXFileReference; explicitFileType = wrapper.cfbundle; includeInIndex = 0; path = cryptochatUITests.xctest; sourceTree = BUILT_PRODUCTS_DIR; };
		975B18A51C7E24C500F320D0 /* cryptochatUITests.swift */ = {isa = PBXFileReference; lastKnownFileType = sourcecode.swift; path = cryptochatUITests.swift; sourceTree = "<group>"; };
		975B18A71C7E24C500F320D0 /* Info.plist */ = {isa = PBXFileReference; lastKnownFileType = text.plist.xml; path = Info.plist; sourceTree = "<group>"; };
		975B18B31C7E29C500F320D0 /* WelcomeViewController.swift */ = {isa = PBXFileReference; fileEncoding = 4; lastKnownFileType = sourcecode.swift; path = WelcomeViewController.swift; sourceTree = "<group>"; };
/* End PBXFileReference section */

/* Begin PBXFrameworksBuildPhase section */
		975B187F1C7E24C500F320D0 /* Frameworks */ = {
			isa = PBXFrameworksBuildPhase;
			buildActionMask = 2147483647;
			files = (
				3552E3071C9489F60046B5C3 /* libsqlite3.0.tbd in Frameworks */,
			);
			runOnlyForDeploymentPostprocessing = 0;
		};
		975B18931C7E24C500F320D0 /* Frameworks */ = {
			isa = PBXFrameworksBuildPhase;
			buildActionMask = 2147483647;
			files = (
			);
			runOnlyForDeploymentPostprocessing = 0;
		};
		975B189E1C7E24C500F320D0 /* Frameworks */ = {
			isa = PBXFrameworksBuildPhase;
			buildActionMask = 2147483647;
			files = (
			);
			runOnlyForDeploymentPostprocessing = 0;
		};
/* End PBXFrameworksBuildPhase section */

/* Begin PBXGroup section */
		350DE6AD1C948CEA00FEC1CC /* SQLiteDB */ = {
			isa = PBXGroup;
			children = (
				350DE6B61C948EC000FEC1CC /* SQLiteDB.swift */,
				350DE6B71C948EC000FEC1CC /* SQLTable.swift */,
				350DE6B81C948EC000FEC1CC /* String-Extras.swift */,
			);
			name = SQLiteDB;
			sourceTree = "<group>";
		};
		975B18791C7E24C500F320D0 = {
			isa = PBXGroup;
			children = (
				350DE6AD1C948CEA00FEC1CC /* SQLiteDB */,
				357E85441C9484E600B4E5C7 /* libsqlite3.0.tbd */,
				975B18841C7E24C500F320D0 /* cryptochat */,
				975B18991C7E24C500F320D0 /* cryptochatTests */,
				975B18A41C7E24C500F320D0 /* cryptochatUITests */,
				975B18831C7E24C500F320D0 /* Products */,
			);
			sourceTree = "<group>";
		};
		975B18831C7E24C500F320D0 /* Products */ = {
			isa = PBXGroup;
			children = (
				975B18821C7E24C500F320D0 /* cryptochat.app */,
				975B18961C7E24C500F320D0 /* cryptochatTests.xctest */,
				975B18A11C7E24C500F320D0 /* cryptochatUITests.xctest */,
			);
			name = Products;
			sourceTree = "<group>";
		};
		975B18841C7E24C500F320D0 /* cryptochat */ = {
			isa = PBXGroup;
			children = (
				05DA81D11C99C84A00BA0577 /* cryptochat-Bridging-Header.h */,
				975B18851C7E24C500F320D0 /* AppDelegate.swift */,
				975B18871C7E24C500F320D0 /* ViewController.swift */,
				975B18891C7E24C500F320D0 /* Main.storyboard */,
				975B188C1C7E24C500F320D0 /* Assets.xcassets */,
				975B188E1C7E24C500F320D0 /* LaunchScreen.storyboard */,
				975B18911C7E24C500F320D0 /* Info.plist */,
				975B18B31C7E29C500F320D0 /* WelcomeViewController.swift */,
				350DE6BF1C948FF300FEC1CC /* DataManager.swift */,
				350DE6C11C949F0500FEC1CC /* Message.swift */,
			);
			path = cryptochat;
			sourceTree = "<group>";
		};
		975B18991C7E24C500F320D0 /* cryptochatTests */ = {
			isa = PBXGroup;
			children = (
				975B189A1C7E24C500F320D0 /* cryptochatTests.swift */,
				975B189C1C7E24C500F320D0 /* Info.plist */,
			);
			path = cryptochatTests;
			sourceTree = "<group>";
		};
		975B18A41C7E24C500F320D0 /* cryptochatUITests */ = {
			isa = PBXGroup;
			children = (
				975B18A51C7E24C500F320D0 /* cryptochatUITests.swift */,
				975B18A71C7E24C500F320D0 /* Info.plist */,
			);
			path = cryptochatUITests;
			sourceTree = "<group>";
		};
/* End PBXGroup section */

/* Begin PBXNativeTarget section */
		975B18811C7E24C500F320D0 /* cryptochat */ = {
			isa = PBXNativeTarget;
			buildConfigurationList = 975B18AA1C7E24C500F320D0 /* Build configuration list for PBXNativeTarget "cryptochat" */;
			buildPhases = (
				975B187E1C7E24C500F320D0 /* Sources */,
				975B187F1C7E24C500F320D0 /* Frameworks */,
				975B18801C7E24C500F320D0 /* Resources */,
			);
			buildRules = (
			);
			dependencies = (
			);
			name = cryptochat;
			productName = cryptochat;
			productReference = 975B18821C7E24C500F320D0 /* cryptochat.app */;
			productType = "com.apple.product-type.application";
		};
		975B18951C7E24C500F320D0 /* cryptochatTests */ = {
			isa = PBXNativeTarget;
			buildConfigurationList = 975B18AD1C7E24C500F320D0 /* Build configuration list for PBXNativeTarget "cryptochatTests" */;
			buildPhases = (
				975B18921C7E24C500F320D0 /* Sources */,
				975B18931C7E24C500F320D0 /* Frameworks */,
				975B18941C7E24C500F320D0 /* Resources */,
			);
			buildRules = (
			);
			dependencies = (
				975B18981C7E24C500F320D0 /* PBXTargetDependency */,
			);
			name = cryptochatTests;
			productName = cryptochatTests;
			productReference = 975B18961C7E24C500F320D0 /* cryptochatTests.xctest */;
			productType = "com.apple.product-type.bundle.unit-test";
		};
		975B18A01C7E24C500F320D0 /* cryptochatUITests */ = {
			isa = PBXNativeTarget;
			buildConfigurationList = 975B18B01C7E24C500F320D0 /* Build configuration list for PBXNativeTarget "cryptochatUITests" */;
			buildPhases = (
				975B189D1C7E24C500F320D0 /* Sources */,
				975B189E1C7E24C500F320D0 /* Frameworks */,
				975B189F1C7E24C500F320D0 /* Resources */,
			);
			buildRules = (
			);
			dependencies = (
				975B18A31C7E24C500F320D0 /* PBXTargetDependency */,
			);
			name = cryptochatUITests;
			productName = cryptochatUITests;
			productReference = 975B18A11C7E24C500F320D0 /* cryptochatUITests.xctest */;
			productType = "com.apple.product-type.bundle.ui-testing";
		};
/* End PBXNativeTarget section */

/* Begin PBXProject section */
		975B187A1C7E24C500F320D0 /* Project object */ = {
			isa = PBXProject;
			attributes = {
				LastSwiftUpdateCheck = 0720;
				LastUpgradeCheck = 0720;
				ORGANIZATIONNAME = "David Zorychta";
				TargetAttributes = {
					975B18811C7E24C500F320D0 = {
						CreatedOnToolsVersion = 7.2;
					};
					975B18951C7E24C500F320D0 = {
						CreatedOnToolsVersion = 7.2;
						TestTargetID = 975B18811C7E24C500F320D0;
					};
					975B18A01C7E24C500F320D0 = {
						CreatedOnToolsVersion = 7.2;
						TestTargetID = 975B18811C7E24C500F320D0;
					};
				};
			};
			buildConfigurationList = 975B187D1C7E24C500F320D0 /* Build configuration list for PBXProject "cryptochat" */;
			compatibilityVersion = "Xcode 3.2";
			developmentRegion = English;
			hasScannedForEncodings = 0;
			knownRegions = (
				en,
				Base,
			);
			mainGroup = 975B18791C7E24C500F320D0;
			productRefGroup = 975B18831C7E24C500F320D0 /* Products */;
			projectDirPath = "";
			projectRoot = "";
			targets = (
				975B18811C7E24C500F320D0 /* cryptochat */,
				975B18951C7E24C500F320D0 /* cryptochatTests */,
				975B18A01C7E24C500F320D0 /* cryptochatUITests */,
			);
		};
/* End PBXProject section */

/* Begin PBXResourcesBuildPhase section */
		975B18801C7E24C500F320D0 /* Resources */ = {
			isa = PBXResourcesBuildPhase;
			buildActionMask = 2147483647;
			files = (
				975B18901C7E24C500F320D0 /* LaunchScreen.storyboard in Resources */,
				975B188D1C7E24C500F320D0 /* Assets.xcassets in Resources */,
				975B188B1C7E24C500F320D0 /* Main.storyboard in Resources */,
			);
			runOnlyForDeploymentPostprocessing = 0;
		};
		975B18941C7E24C500F320D0 /* Resources */ = {
			isa = PBXResourcesBuildPhase;
			buildActionMask = 2147483647;
			files = (
			);
			runOnlyForDeploymentPostprocessing = 0;
		};
		975B189F1C7E24C500F320D0 /* Resources */ = {
			isa = PBXResourcesBuildPhase;
			buildActionMask = 2147483647;
			files = (
			);
			runOnlyForDeploymentPostprocessing = 0;
		};
/* End PBXResourcesBuildPhase section */

/* Begin PBXSourcesBuildPhase section */
		975B187E1C7E24C500F320D0 /* Sources */ = {
			isa = PBXSourcesBuildPhase;
			buildActionMask = 2147483647;
			files = (
				975B18B41C7E29C500F320D0 /* WelcomeViewController.swift in Sources */,
				975B18881C7E24C500F320D0 /* ViewController.swift in Sources */,
				350DE6B91C948EC000FEC1CC /* SQLiteDB.swift in Sources */,
				975B18861C7E24C500F320D0 /* AppDelegate.swift in Sources */,
				350DE6BB1C948EC000FEC1CC /* String-Extras.swift in Sources */,
				350DE6C21C949F0500FEC1CC /* Message.swift in Sources */,
				350DE6C01C948FF300FEC1CC /* DataManager.swift in Sources */,
				350DE6BA1C948EC000FEC1CC /* SQLTable.swift in Sources */,
			);
			runOnlyForDeploymentPostprocessing = 0;
		};
		975B18921C7E24C500F320D0 /* Sources */ = {
			isa = PBXSourcesBuildPhase;
			buildActionMask = 2147483647;
			files = (
				975B189B1C7E24C500F320D0 /* cryptochatTests.swift in Sources */,
			);
			runOnlyForDeploymentPostprocessing = 0;
		};
		975B189D1C7E24C500F320D0 /* Sources */ = {
			isa = PBXSourcesBuildPhase;
			buildActionMask = 2147483647;
			files = (
				975B18A61C7E24C500F320D0 /* cryptochatUITests.swift in Sources */,
			);
			runOnlyForDeploymentPostprocessing = 0;
		};
/* End PBXSourcesBuildPhase section */

/* Begin PBXTargetDependency section */
		975B18981C7E24C500F320D0 /* PBXTargetDependency */ = {
			isa = PBXTargetDependency;
			target = 975B18811C7E24C500F320D0 /* cryptochat */;
			targetProxy = 975B18971C7E24C500F320D0 /* PBXContainerItemProxy */;
		};
		975B18A31C7E24C500F320D0 /* PBXTargetDependency */ = {
			isa = PBXTargetDependency;
			target = 975B18811C7E24C500F320D0 /* cryptochat */;
			targetProxy = 975B18A21C7E24C500F320D0 /* PBXContainerItemProxy */;
		};
/* End PBXTargetDependency section */

/* Begin PBXVariantGroup section */
		975B18891C7E24C500F320D0 /* Main.storyboard */ = {
			isa = PBXVariantGroup;
			children = (
				975B188A1C7E24C500F320D0 /* Base */,
			);
			name = Main.storyboard;
			sourceTree = "<group>";
		};
		975B188E1C7E24C500F320D0 /* LaunchScreen.storyboard */ = {
			isa = PBXVariantGroup;
			children = (
				975B188F1C7E24C500F320D0 /* Base */,
			);
			name = LaunchScreen.storyboard;
			sourceTree = "<group>";
		};
/* End PBXVariantGroup section */

/* Begin XCBuildConfiguration section */
		975B18A81C7E24C500F320D0 /* Debug */ = {
			isa = XCBuildConfiguration;
			buildSettings = {
				ALWAYS_SEARCH_USER_PATHS = NO;
				CLANG_CXX_LANGUAGE_STANDARD = "gnu++0x";
				CLANG_CXX_LIBRARY = "libc++";
				CLANG_ENABLE_MODULES = YES;
				CLANG_ENABLE_OBJC_ARC = YES;
				CLANG_WARN_BOOL_CONVERSION = YES;
				CLANG_WARN_CONSTANT_CONVERSION = YES;
				CLANG_WARN_DIRECT_OBJC_ISA_USAGE = YES_ERROR;
				CLANG_WARN_EMPTY_BODY = YES;
				CLANG_WARN_ENUM_CONVERSION = YES;
				CLANG_WARN_INT_CONVERSION = YES;
				CLANG_WARN_OBJC_ROOT_CLASS = YES_ERROR;
				CLANG_WARN_UNREACHABLE_CODE = YES;
				CLANG_WARN__DUPLICATE_METHOD_MATCH = YES;
				"CODE_SIGN_IDENTITY[sdk=iphoneos*]" = "iPhone Developer";
				COPY_PHASE_STRIP = NO;
				DEBUG_INFORMATION_FORMAT = dwarf;
				ENABLE_STRICT_OBJC_MSGSEND = YES;
				ENABLE_TESTABILITY = YES;
				GCC_C_LANGUAGE_STANDARD = gnu99;
				GCC_DYNAMIC_NO_PIC = NO;
				GCC_NO_COMMON_BLOCKS = YES;
				GCC_OPTIMIZATION_LEVEL = 0;
				GCC_PREPROCESSOR_DEFINITIONS = (
					"DEBUG=1",
					"$(inherited)",
				);
				GCC_WARN_64_TO_32_BIT_CONVERSION = YES;
				GCC_WARN_ABOUT_RETURN_TYPE = YES_ERROR;
				GCC_WARN_UNDECLARED_SELECTOR = YES;
				GCC_WARN_UNINITIALIZED_AUTOS = YES_AGGRESSIVE;
				GCC_WARN_UNUSED_FUNCTION = YES;
				GCC_WARN_UNUSED_VARIABLE = YES;
				IPHONEOS_DEPLOYMENT_TARGET = 9.2;
				MTL_ENABLE_DEBUG_INFO = YES;
				ONLY_ACTIVE_ARCH = YES;
				SDKROOT = iphoneos;
				SWIFT_OPTIMIZATION_LEVEL = "-Onone";
				TARGETED_DEVICE_FAMILY = "1,2";
			};
			name = Debug;
		};
		975B18A91C7E24C500F320D0 /* Release */ = {
			isa = XCBuildConfiguration;
			buildSettings = {
				ALWAYS_SEARCH_USER_PATHS = NO;
				CLANG_CXX_LANGUAGE_STANDARD = "gnu++0x";
				CLANG_CXX_LIBRARY = "libc++";
				CLANG_ENABLE_MODULES = YES;
				CLANG_ENABLE_OBJC_ARC = YES;
				CLANG_WARN_BOOL_CONVERSION = YES;
				CLANG_WARN_CONSTANT_CONVERSION = YES;
				CLANG_WARN_DIRECT_OBJC_ISA_USAGE = YES_ERROR;
				CLANG_WARN_EMPTY_BODY = YES;
				CLANG_WARN_ENUM_CONVERSION = YES;
				CLANG_WARN_INT_CONVERSION = YES;
				CLANG_WARN_OBJC_ROOT_CLASS = YES_ERROR;
				CLANG_WARN_UNREACHABLE_CODE = YES;
				CLANG_WARN__DUPLICATE_METHOD_MATCH = YES;
				"CODE_SIGN_IDENTITY[sdk=iphoneos*]" = "iPhone Developer";
				COPY_PHASE_STRIP = NO;
				DEBUG_INFORMATION_FORMAT = "dwarf-with-dsym";
				ENABLE_NS_ASSERTIONS = NO;
				ENABLE_STRICT_OBJC_MSGSEND = YES;
				GCC_C_LANGUAGE_STANDARD = gnu99;
				GCC_NO_COMMON_BLOCKS = YES;
				GCC_WARN_64_TO_32_BIT_CONVERSION = YES;
				GCC_WARN_ABOUT_RETURN_TYPE = YES_ERROR;
				GCC_WARN_UNDECLARED_SELECTOR = YES;
				GCC_WARN_UNINITIALIZED_AUTOS = YES_AGGRESSIVE;
				GCC_WARN_UNUSED_FUNCTION = YES;
				GCC_WARN_UNUSED_VARIABLE = YES;
				IPHONEOS_DEPLOYMENT_TARGET = 9.2;
				MTL_ENABLE_DEBUG_INFO = NO;
				SDKROOT = iphoneos;
				TARGETED_DEVICE_FAMILY = "1,2";
				VALIDATE_PRODUCT = YES;
			};
			name = Release;
		};
		975B18AB1C7E24C500F320D0 /* Debug */ = {
			isa = XCBuildConfiguration;
			buildSettings = {
				ASSETCATALOG_COMPILER_APPICON_NAME = AppIcon;
				CLANG_ENABLE_MODULES = YES;
				INFOPLIST_FILE = cryptochat/Info.plist;
				LD_RUNPATH_SEARCH_PATHS = "$(inherited) @executable_path/Frameworks";
				PRODUCT_BUNDLE_IDENTIFIER = com.macmee.sudoku.cryptochat;
				PRODUCT_NAME = "$(TARGET_NAME)";
				SWIFT_OBJC_BRIDGING_HEADER = "cryptochat/cryptochat-Bridging-Header.h";
				SWIFT_OPTIMIZATION_LEVEL = "-Onone";
			};
			name = Debug;
		};
		975B18AC1C7E24C500F320D0 /* Release */ = {
			isa = XCBuildConfiguration;
			buildSettings = {
				ASSETCATALOG_COMPILER_APPICON_NAME = AppIcon;
				CLANG_ENABLE_MODULES = YES;
				INFOPLIST_FILE = cryptochat/Info.plist;
				LD_RUNPATH_SEARCH_PATHS = "$(inherited) @executable_path/Frameworks";
				PRODUCT_BUNDLE_IDENTIFIER = com.macmee.sudoku.cryptochat;
				PRODUCT_NAME = "$(TARGET_NAME)";
				SWIFT_OBJC_BRIDGING_HEADER = "cryptochat/cryptochat-Bridging-Header.h";
			};
			name = Release;
		};
		975B18AE1C7E24C500F320D0 /* Debug */ = {
			isa = XCBuildConfiguration;
			buildSettings = {
				BUNDLE_LOADER = "$(TEST_HOST)";
				INFOPLIST_FILE = cryptochatTests/Info.plist;
				LD_RUNPATH_SEARCH_PATHS = "$(inherited) @executable_path/Frameworks @loader_path/Frameworks";
				PRODUCT_BUNDLE_IDENTIFIER = com.macmee.sudoku.cryptochatTests;
				PRODUCT_NAME = "$(TARGET_NAME)";
				TEST_HOST = "$(BUILT_PRODUCTS_DIR)/cryptochat.app/cryptochat";
			};
			name = Debug;
		};
		975B18AF1C7E24C500F320D0 /* Release */ = {
			isa = XCBuildConfiguration;
			buildSettings = {
				BUNDLE_LOADER = "$(TEST_HOST)";
				INFOPLIST_FILE = cryptochatTests/Info.plist;
				LD_RUNPATH_SEARCH_PATHS = "$(inherited) @executable_path/Frameworks @loader_path/Frameworks";
				PRODUCT_BUNDLE_IDENTIFIER = com.macmee.sudoku.cryptochatTests;
				PRODUCT_NAME = "$(TARGET_NAME)";
				TEST_HOST = "$(BUILT_PRODUCTS_DIR)/cryptochat.app/cryptochat";
			};
			name = Release;
		};
		975B18B11C7E24C500F320D0 /* Debug */ = {
			isa = XCBuildConfiguration;
			buildSettings = {
				INFOPLIST_FILE = cryptochatUITests/Info.plist;
				LD_RUNPATH_SEARCH_PATHS = "$(inherited) @executable_path/Frameworks @loader_path/Frameworks";
				PRODUCT_BUNDLE_IDENTIFIER = com.macmee.sudoku.cryptochatUITests;
				PRODUCT_NAME = "$(TARGET_NAME)";
				TEST_TARGET_NAME = cryptochat;
				USES_XCTRUNNER = YES;
			};
			name = Debug;
		};
		975B18B21C7E24C500F320D0 /* Release */ = {
			isa = XCBuildConfiguration;
			buildSettings = {
				INFOPLIST_FILE = cryptochatUITests/Info.plist;
				LD_RUNPATH_SEARCH_PATHS = "$(inherited) @executable_path/Frameworks @loader_path/Frameworks";
				PRODUCT_BUNDLE_IDENTIFIER = com.macmee.sudoku.cryptochatUITests;
				PRODUCT_NAME = "$(TARGET_NAME)";
				TEST_TARGET_NAME = cryptochat;
				USES_XCTRUNNER = YES;
			};
			name = Release;
		};
/* End XCBuildConfiguration section */

/* Begin XCConfigurationList section */
		975B187D1C7E24C500F320D0 /* Build configuration list for PBXProject "cryptochat" */ = {
			isa = XCConfigurationList;
			buildConfigurations = (
				975B18A81C7E24C500F320D0 /* Debug */,
				975B18A91C7E24C500F320D0 /* Release */,
			);
			defaultConfigurationIsVisible = 0;
			defaultConfigurationName = Release;
		};
		975B18AA1C7E24C500F320D0 /* Build configuration list for PBXNativeTarget "cryptochat" */ = {
			isa = XCConfigurationList;
			buildConfigurations = (
				975B18AB1C7E24C500F320D0 /* Debug */,
				975B18AC1C7E24C500F320D0 /* Release */,
			);
			defaultConfigurationIsVisible = 0;
			defaultConfigurationName = Release;
		};
		975B18AD1C7E24C500F320D0 /* Build configuration list for PBXNativeTarget "cryptochatTests" */ = {
			isa = XCConfigurationList;
			buildConfigurations = (
				975B18AE1C7E24C500F320D0 /* Debug */,
				975B18AF1C7E24C500F320D0 /* Release */,
			);
			defaultConfigurationIsVisible = 0;
			defaultConfigurationName = Release;
		};
		975B18B01C7E24C500F320D0 /* Build configuration list for PBXNativeTarget "cryptochatUITests" */ = {
			isa = XCConfigurationList;
			buildConfigurations = (
				975B18B11C7E24C500F320D0 /* Debug */,
				975B18B21C7E24C500F320D0 /* Release */,
			);
			defaultConfigurationIsVisible = 0;
			defaultConfigurationName = Release;
		};
/* End XCConfigurationList section */
	};
	rootObject = 975B187A1C7E24C500F320D0 /* Project object */;
}
